
Microsoft Visual Studio Solution File, Format Version 12.00
# Visual Studio 15
VisualStudioVersion = 15.0.27130.0
MinimumVisualStudioVersion = 10.0.40219.1
Project("{FAE04EC0-301F-11D3-BF4B-00C04F79EFBC}") = "WcfTodoServer", "WcfTodoServer\WcfTodoServer.csproj", "{ECF700A6-86A3-4C32-8BE8-51D38B04130D}"
EndProject
Global
	GlobalSection(SolutionConfigurationPlatforms) = preSolution
		Debug|Any CPU = Debug|Any CPU
		Release|Any CPU = Release|Any CPU
	EndGlobalSection
	GlobalSection(ProjectConfigurationPlatforms) = postSolution
		{ECF700A6-86A3-4C32-8BE8-51D38B04130D}.Debug|Any CPU.ActiveCfg = Debug|Any CPU
		{ECF700A6-86A3-4C32-8BE8-51D38B04130D}.Debug|Any CPU.Build.0 = Debug|Any CPU
		{ECF700A6-86A3-4C32-8BE8-51D38B04130D}.Release|Any CPU.ActiveCfg = Release|Any CPU
		{ECF700A6-86A3-4C32-8BE8-51D38B04130D}.Release|Any CPU.Build.0 = Release|Any CPU
	EndGlobalSection
	GlobalSection(SolutionProperties) = preSolution
		HideSolutionNode = FALSE
	EndGlobalSection
	GlobalSection(ExtensibilityGlobals) = postSolution
		SolutionGuid = {1D492E46-78BC-4016-88D9-938222389B09}
	EndGlobalSection
EndGlobal
